# THIS IS AN AUTOGENERATED FILE. DO NOT EDIT THIS FILE DIRECTLY.
# yarn lockfile v1


"@prosemirror-adapter/core@^0.2.6":
  version "0.2.6"
  resolved "https://registry.npmmirror.com/@prosemirror-adapter/core/-/core-0.2.6.tgz#7f14bf568ef30a6d085bffdb1112de7426b42452"
  integrity sha512-7GXWQBR/bd6ngvek8SgtlEVC0x3KL7LKZ5cxyZl4IBAlRDbITQWsuKLChEXNan9A6+9Ry4a46crbDGTQlzooOg==
  dependencies:
    tslib "^2.5.0"

nanoid@^5.0.0:
  version "5.0.4"
  resolved "https://registry.npmmirror.com/nanoid/-/nanoid-5.0.4.tgz#d2b608d8169d7da669279127615535705aa52edf"
  integrity sha512-vAjmBf13gsmhXSgBrtIclinISzFFy22WwCYoyilZlsrRXNIHSwgFQ1bEdjRwMT3aoadeIF6HMuDRlOxzfXV8ig==

orderedmap@^2.0.0:
  version "2.1.1"
  resolved "https://registry.npmmirror.com/orderedmap/-/orderedmap-2.1.1.tgz#61481269c44031c449915497bf5a4ad273c512d2"
  integrity sha512-TvAWxi0nDe1j/rtMcWcIj94+Ffe6n7zhow33h40SKxmsmozs6dz/e+EajymfoFcHd7sxNn8yHM8839uixMOV6g==

prosemirror-model@^1.0.0, prosemirror-model@^1.16.0, prosemirror-model@^1.19.0:
  version "1.19.3"
  resolved "https://registry.npmmirror.com/prosemirror-model/-/prosemirror-model-1.19.3.tgz#f0d55285487fefd962d0ac695f716f4ec6705006"
  integrity sha512-tgSnwN7BS7/UM0sSARcW+IQryx2vODKX4MI7xpqY2X+iaepJdKBPc7I4aACIsDV/LTaTjt12Z56MhDr9LsyuZQ==
  dependencies:
    orderedmap "^2.0.0"

prosemirror-state@^1.0.0, prosemirror-state@^1.4.2:
  version "1.4.3"
  resolved "https://registry.npmmirror.com/prosemirror-state/-/prosemirror-state-1.4.3.tgz#94aecf3ffd54ec37e87aa7179d13508da181a080"
  integrity sha512-goFKORVbvPuAQaXhpbemJFRKJ2aixr+AZMGiquiqKxaucC6hlpHNZHWgz5R7dS4roHiwq9vDctE//CZ++o0W1Q==
  dependencies:
    prosemirror-model "^1.0.0"
    prosemirror-transform "^1.0.0"
    prosemirror-view "^1.27.0"

prosemirror-transform@^1.0.0, prosemirror-transform@^1.1.0:
  version "1.8.0"
  resolved "https://registry.npmmirror.com/prosemirror-transform/-/prosemirror-transform-1.8.0.tgz#a47c64a3c373c1bd0ff46e95be3210c8dda0cd11"
  integrity sha512-BaSBsIMv52F1BVVMvOmp1yzD3u65uC3HTzCBQV1WDPqJRQ2LuHKcyfn0jwqodo8sR9vVzMzZyI+Dal5W9E6a9A==
  dependencies:
    prosemirror-model "^1.0.0"

prosemirror-view@^1.27.0, prosemirror-view@^1.30.2:
  version "1.32.6"
  resolved "https://registry.npmmirror.com/prosemirror-view/-/prosemirror-view-1.32.6.tgz#8e8a366ea1ce9b59dbb7f4c6fa7aacf4af2532d7"
  integrity sha512-26r5LvyDlPgUNVf7ZdNdGrMJnylwjJtUJTfDuYOANIVx9lqWD1WCBlGg283weYQGKUC64DXR25LeAmliB9CrFQ==
  dependencies:
    prosemirror-model "^1.16.0"
    prosemirror-state "^1.0.0"
    prosemirror-transform "^1.1.0"

tslib@^2.3.0, tslib@^2.5.0:
  version "2.6.2"
  resolved "https://registry.npmmirror.com/tslib/-/tslib-2.6.2.tgz#703ac29425e7b37cd6fd456e92404d46d1f3e4ae"
  integrity sha512-AEYxH93jGFPn/a2iVAwW87VuUIkR1FVUKB77NwMF7nBTDkDrrT/Hpt/IrCJ0QXhW27jTBDcf5ZY7w6RiqTMw2Q==
